
Microsoft Visual Studio Solution File, Format Version 12.00
# Visual Studio Version 16
VisualStudioVersion = 16.0.30309.148
MinimumVisualStudioVersion = 10.0.40219.1
Project("{FAE04EC0-301F-11D3-BF4B-00C04F79EFBC}") = "MS_ML_FU_ORQUESTADOR", "MS_ML_FU_ORQUESTADOR\MS_ML_FU_ORQUESTADOR.csproj", "{F8FE06D7-A5A3-49A1-9A3A-B49554410B60}"
EndProject
Project("{FAE04EC0-301F-11D3-BF4B-00C04F79EFBC}") = "MS_ML_FU_DLL_DOMAIN", "MS_ML_FU_DLL_DOMAIN\MS_ML_FU_DLL_DOMAIN.csproj", "{F2C05CBB-885E-4433-844C-B280DE1AEE11}"
EndProject
Project("{FAE04EC0-301F-11D3-BF4B-00C04F79EFBC}") = "MS_ML_FU_P_DATOSPOLIZA", "MS_ML_FU_P_DATOSPOLIZA\MS_ML_FU_P_DATOSPOLIZA.csproj", "{FF9353D3-728E-4221-8211-B6D124347649}"
EndProject
Project("{FAE04EC0-301F-11D3-BF4B-00C04F79EFBC}") = "MS_ML_FU_P_BROKER", "MS_ML_FU_P_BROKER\MS_ML_FU_P_BROKER.csproj", "{98EA08C5-ED73-40C4-8414-CE53EEDCED5A}"
EndProject
Project("{FAE04EC0-301F-11D3-BF4B-00C04F79EFBC}") = "MS_ML_FU_P_CONVENIOS", "MS_ML_FU_P_CONVENIOS\MS_ML_FU_P_CONVENIOS.csproj", "{4EC2148A-8376-4F3F-9957-EAA8F59D2A90}"
EndProject
Project("{FAE04EC0-301F-11D3-BF4B-00C04F79EFBC}") = "MS_ML_FU_P_PRODUCTOS", "MS_ML_FU_P_PRODUCTOS\MS_ML_FU_P_PRODUCTOS.csproj", "{95098648-C066-418F-977D-E9624965295F}"
EndProject
Project("{FAE04EC0-301F-11D3-BF4B-00C04F79EFBC}") = "MS_ML_FU_P_IMED", "MS_ML_FU_P_IMED\MS_ML_FU_P_IMED.csproj", "{B8935BE4-9DD0-42BF-BF28-C3C7784C4042}"
EndProject
Project("{FAE04EC0-301F-11D3-BF4B-00C04F79EFBC}") = "MS_ML_FU_P_COBRANZA", "MS_ML_FU_P_COBRANZA\MS_ML_FU_P_COBRANZA.csproj", "{2652A163-8487-447D-A177-E8D7C9758654}"
EndProject
Project("{FAE04EC0-301F-11D3-BF4B-00C04F79EFBC}") = "MS_ML_FU_P_PLANGRILLA", "MS_ML_FU_P_PLANGRILLA\MS_ML_FU_P_PLANGRILLA.csproj", "{733CF561-F6EE-4AED-B401-002BF12F3C26}"
EndProject
Project("{FAE04EC0-301F-11D3-BF4B-00C04F79EFBC}") = "MS_ML_FU_P_PARAMETROS", "MS_ML_FU_P_BMI\MS_ML_FU_P_PARAMETROS.csproj", "{DB31EC54-7EE1-444C-936A-4067A828FC99}"
EndProject
Project("{FAE04EC0-301F-11D3-BF4B-00C04F79EFBC}") = "MS_ML_FU_P_REQ-ASEG", "MS_ML_FU_P_REQ-ASEG\MS_ML_FU_P_REQ-ASEG.csproj", "{0AB9F1EB-E22E-489C-90DD-5C27BAE400D6}"
EndProject
Project("{FAE04EC0-301F-11D3-BF4B-00C04F79EFBC}") = "MS_ML_FU_P_CONDICIONES", "MS_ML_FU_P_CONDICIONES\MS_ML_FU_P_CONDICIONES.csproj", "{D307730A-75FA-4EDB-AE82-3D34C80E8BC4}"
EndProject
Project("{FAE04EC0-301F-11D3-BF4B-00C04F79EFBC}") = "EJEMPLO", "EJEMPLO\EJEMPLO.csproj", "{43D16757-FA0C-470D-BAE2-AC791917A7A4}"
EndProject
Project("{FAE04EC0-301F-11D3-BF4B-00C04F79EFBC}") = "MS_ML_FU_ACCESO_PERFIL", "MS_ML_FU_ACCESO_PERFIL\MS_ML_FU_ACCESO_PERFIL.csproj", "{5D40ECA0-8122-4CC6-B63C-08148321DE01}"
EndProject
Project("{FAE04EC0-301F-11D3-BF4B-00C04F79EFBC}") = "MS_ML_FU_P_TARIFA", "MS_ML_FU_P_TARIFA\MS_ML_FU_P_TARIFA.csproj", "{C4145471-9552-4EA6-8B58-1980A5FE4C63}"
EndProject
Project("{FAE04EC0-301F-11D3-BF4B-00C04F79EFBC}") = "MS_ML_FU_MENU", "MS_ML_FU_MENU\MS_ML_FU_MENU.csproj", "{BFDEB5C5-1754-4F0E-B896-6FC60B8CD71C}"
EndProject
Project("{FAE04EC0-301F-11D3-BF4B-00C04F79EFBC}") = "MS_ML_FU_CREDENCIALES", "MS_ML_FU_CREDENCIALES\MS_ML_FU_CREDENCIALES.csproj", "{8F58EA9B-380F-4C2C-AFB9-FCFA168231DC}"
EndProject
Project("{FAE04EC0-301F-11D3-BF4B-00C04F79EFBC}") = "MS_ML_FU_MENSAJE", "MS_ML_FU_MENSAJE\MS_ML_FU_MENSAJE.csproj", "{7639B403-2701-434D-8AD4-46674D772478}"
EndProject
Project("{FAE04EC0-301F-11D3-BF4B-00C04F79EFBC}") = "MS_ML_FU_AGRUPACION", "MS_ML_FU_AGRUPACION\MS_ML_FU_AGRUPACION.csproj", "{30D15713-6BBF-453B-B4F4-A15A603769D1}"
EndProject
Global
	GlobalSection(SolutionConfigurationPlatforms) = preSolution
		Debug|Any CPU = Debug|Any CPU
		Desarrollo|Any CPU = Desarrollo|Any CPU
		QA|Any CPU = QA|Any CPU
		Release|Any CPU = Release|Any CPU
	EndGlobalSection
	GlobalSection(ProjectConfigurationPlatforms) = postSolution
		{F8FE06D7-A5A3-49A1-9A3A-B49554410B60}.Debug|Any CPU.ActiveCfg = Debug|Any CPU
		{F8FE06D7-A5A3-49A1-9A3A-B49554410B60}.Debug|Any CPU.Build.0 = Debug|Any CPU
		{F8FE06D7-A5A3-49A1-9A3A-B49554410B60}.Desarrollo|Any CPU.ActiveCfg = Desarrollo|Any CPU
		{F8FE06D7-A5A3-49A1-9A3A-B49554410B60}.Desarrollo|Any CPU.Build.0 = Desarrollo|Any CPU
		{F8FE06D7-A5A3-49A1-9A3A-B49554410B60}.QA|Any CPU.ActiveCfg = QA|Any CPU
		{F8FE06D7-A5A3-49A1-9A3A-B49554410B60}.QA|Any CPU.Build.0 = QA|Any CPU
		{F8FE06D7-A5A3-49A1-9A3A-B49554410B60}.Release|Any CPU.ActiveCfg = Release|Any CPU
		{F8FE06D7-A5A3-49A1-9A3A-B49554410B60}.Release|Any CPU.Build.0 = Release|Any CPU
		{F2C05CBB-885E-4433-844C-B280DE1AEE11}.Debug|Any CPU.ActiveCfg = Debug|Any CPU
		{F2C05CBB-885E-4433-844C-B280DE1AEE11}.Debug|Any CPU.Build.0 = Debug|Any CPU
		{F2C05CBB-885E-4433-844C-B280DE1AEE11}.Desarrollo|Any CPU.ActiveCfg = Desarrollo|Any CPU
		{F2C05CBB-885E-4433-844C-B280DE1AEE11}.Desarrollo|Any CPU.Build.0 = Desarrollo|Any CPU
		{F2C05CBB-885E-4433-844C-B280DE1AEE11}.QA|Any CPU.ActiveCfg = QA|Any CPU
		{F2C05CBB-885E-4433-844C-B280DE1AEE11}.QA|Any CPU.Build.0 = QA|Any CPU
		{F2C05CBB-885E-4433-844C-B280DE1AEE11}.Release|Any CPU.ActiveCfg = Release|Any CPU
		{F2C05CBB-885E-4433-844C-B280DE1AEE11}.Release|Any CPU.Build.0 = Release|Any CPU
		{FF9353D3-728E-4221-8211-B6D124347649}.Debug|Any CPU.ActiveCfg = Debug|Any CPU
		{FF9353D3-728E-4221-8211-B6D124347649}.Debug|Any CPU.Build.0 = Debug|Any CPU
		{FF9353D3-728E-4221-8211-B6D124347649}.Desarrollo|Any CPU.ActiveCfg = Desarrollo|Any CPU
		{FF9353D3-728E-4221-8211-B6D124347649}.Desarrollo|Any CPU.Build.0 = Desarrollo|Any CPU
		{FF9353D3-728E-4221-8211-B6D124347649}.QA|Any CPU.ActiveCfg = QA|Any CPU
		{FF9353D3-728E-4221-8211-B6D124347649}.QA|Any CPU.Build.0 = QA|Any CPU
		{FF9353D3-728E-4221-8211-B6D124347649}.Release|Any CPU.ActiveCfg = Release|Any CPU
		{FF9353D3-728E-4221-8211-B6D124347649}.Release|Any CPU.Build.0 = Release|Any CPU
		{98EA08C5-ED73-40C4-8414-CE53EEDCED5A}.Debug|Any CPU.ActiveCfg = Debug|Any CPU
		{98EA08C5-ED73-40C4-8414-CE53EEDCED5A}.Debug|Any CPU.Build.0 = Debug|Any CPU
		{98EA08C5-ED73-40C4-8414-CE53EEDCED5A}.Desarrollo|Any CPU.ActiveCfg = Desarrollo|Any CPU
		{98EA08C5-ED73-40C4-8414-CE53EEDCED5A}.Desarrollo|Any CPU.Build.0 = Desarrollo|Any CPU
		{98EA08C5-ED73-40C4-8414-CE53EEDCED5A}.QA|Any CPU.ActiveCfg = QA|Any CPU
		{98EA08C5-ED73-40C4-8414-CE53EEDCED5A}.QA|Any CPU.Build.0 = QA|Any CPU
		{98EA08C5-ED73-40C4-8414-CE53EEDCED5A}.Release|Any CPU.ActiveCfg = Release|Any CPU
		{98EA08C5-ED73-40C4-8414-CE53EEDCED5A}.Release|Any CPU.Build.0 = Release|Any CPU
		{4EC2148A-8376-4F3F-9957-EAA8F59D2A90}.Debug|Any CPU.ActiveCfg = Debug|Any CPU
		{4EC2148A-8376-4F3F-9957-EAA8F59D2A90}.Debug|Any CPU.Build.0 = Debug|Any CPU
		{4EC2148A-8376-4F3F-9957-EAA8F59D2A90}.Desarrollo|Any CPU.ActiveCfg = Desarrollo|Any CPU
		{4EC2148A-8376-4F3F-9957-EAA8F59D2A90}.Desarrollo|Any CPU.Build.0 = Desarrollo|Any CPU
		{4EC2148A-8376-4F3F-9957-EAA8F59D2A90}.QA|Any CPU.ActiveCfg = QA|Any CPU
		{4EC2148A-8376-4F3F-9957-EAA8F59D2A90}.QA|Any CPU.Build.0 = QA|Any CPU
		{4EC2148A-8376-4F3F-9957-EAA8F59D2A90}.Release|Any CPU.ActiveCfg = Release|Any CPU
		{4EC2148A-8376-4F3F-9957-EAA8F59D2A90}.Release|Any CPU.Build.0 = Release|Any CPU
		{95098648-C066-418F-977D-E9624965295F}.Debug|Any CPU.ActiveCfg = Debug|Any CPU
		{95098648-C066-418F-977D-E9624965295F}.Debug|Any CPU.Build.0 = Debug|Any CPU
		{95098648-C066-418F-977D-E9624965295F}.Desarrollo|Any CPU.ActiveCfg = Desarrollo|Any CPU
		{95098648-C066-418F-977D-E9624965295F}.Desarrollo|Any CPU.Build.0 = Desarrollo|Any CPU
		{95098648-C066-418F-977D-E9624965295F}.QA|Any CPU.ActiveCfg = QA|Any CPU
		{95098648-C066-418F-977D-E9624965295F}.QA|Any CPU.Build.0 = QA|Any CPU
		{95098648-C066-418F-977D-E9624965295F}.Release|Any CPU.ActiveCfg = Release|Any CPU
		{95098648-C066-418F-977D-E9624965295F}.Release|Any CPU.Build.0 = Release|Any CPU
		{B8935BE4-9DD0-42BF-BF28-C3C7784C4042}.Debug|Any CPU.ActiveCfg = Debug|Any CPU
		{B8935BE4-9DD0-42BF-BF28-C3C7784C4042}.Debug|Any CPU.Build.0 = Debug|Any CPU
		{B8935BE4-9DD0-42BF-BF28-C3C7784C4042}.Desarrollo|Any CPU.ActiveCfg = Desarrollo|Any CPU
		{B8935BE4-9DD0-42BF-BF28-C3C7784C4042}.Desarrollo|Any CPU.Build.0 = Desarrollo|Any CPU
		{B8935BE4-9DD0-42BF-BF28-C3C7784C4042}.QA|Any CPU.ActiveCfg = QA|Any CPU
		{B8935BE4-9DD0-42BF-BF28-C3C7784C4042}.QA|Any CPU.Build.0 = QA|Any CPU
		{B8935BE4-9DD0-42BF-BF28-C3C7784C4042}.Release|Any CPU.ActiveCfg = Release|Any CPU
		{B8935BE4-9DD0-42BF-BF28-C3C7784C4042}.Release|Any CPU.Build.0 = Release|Any CPU
		{2652A163-8487-447D-A177-E8D7C9758654}.Debug|Any CPU.ActiveCfg = Debug|Any CPU
		{2652A163-8487-447D-A177-E8D7C9758654}.Debug|Any CPU.Build.0 = Debug|Any CPU
		{2652A163-8487-447D-A177-E8D7C9758654}.Desarrollo|Any CPU.ActiveCfg = Desarrollo|Any CPU
		{2652A163-8487-447D-A177-E8D7C9758654}.Desarrollo|Any CPU.Build.0 = Desarrollo|Any CPU
		{2652A163-8487-447D-A177-E8D7C9758654}.QA|Any CPU.ActiveCfg = QA|Any CPU
		{2652A163-8487-447D-A177-E8D7C9758654}.QA|Any CPU.Build.0 = QA|Any CPU
		{2652A163-8487-447D-A177-E8D7C9758654}.Release|Any CPU.ActiveCfg = Release|Any CPU
		{2652A163-8487-447D-A177-E8D7C9758654}.Release|Any CPU.Build.0 = Release|Any CPU
		{733CF561-F6EE-4AED-B401-002BF12F3C26}.Debug|Any CPU.ActiveCfg = Debug|Any CPU
		{733CF561-F6EE-4AED-B401-002BF12F3C26}.Debug|Any CPU.Build.0 = Debug|Any CPU
		{733CF561-F6EE-4AED-B401-002BF12F3C26}.Desarrollo|Any CPU.ActiveCfg = Desarrollo|Any CPU
		{733CF561-F6EE-4AED-B401-002BF12F3C26}.Desarrollo|Any CPU.Build.0 = Desarrollo|Any CPU
		{733CF561-F6EE-4AED-B401-002BF12F3C26}.QA|Any CPU.ActiveCfg = QA|Any CPU
		{733CF561-F6EE-4AED-B401-002BF12F3C26}.QA|Any CPU.Build.0 = QA|Any CPU
		{733CF561-F6EE-4AED-B401-002BF12F3C26}.Release|Any CPU.ActiveCfg = Release|Any CPU
		{733CF561-F6EE-4AED-B401-002BF12F3C26}.Release|Any CPU.Build.0 = Release|Any CPU
		{DB31EC54-7EE1-444C-936A-4067A828FC99}.Debug|Any CPU.ActiveCfg = Debug|Any CPU
		{DB31EC54-7EE1-444C-936A-4067A828FC99}.Debug|Any CPU.Build.0 = Debug|Any CPU
		{DB31EC54-7EE1-444C-936A-4067A828FC99}.Desarrollo|Any CPU.ActiveCfg = Desarrollo|Any CPU
		{DB31EC54-7EE1-444C-936A-4067A828FC99}.Desarrollo|Any CPU.Build.0 = Desarrollo|Any CPU
		{DB31EC54-7EE1-444C-936A-4067A828FC99}.QA|Any CPU.ActiveCfg = QA|Any CPU
		{DB31EC54-7EE1-444C-936A-4067A828FC99}.QA|Any CPU.Build.0 = QA|Any CPU
		{DB31EC54-7EE1-444C-936A-4067A828FC99}.Release|Any CPU.ActiveCfg = Release|Any CPU
		{DB31EC54-7EE1-444C-936A-4067A828FC99}.Release|Any CPU.Build.0 = Release|Any CPU
		{0AB9F1EB-E22E-489C-90DD-5C27BAE400D6}.Debug|Any CPU.ActiveCfg = Debug|Any CPU
		{0AB9F1EB-E22E-489C-90DD-5C27BAE400D6}.Debug|Any CPU.Build.0 = Debug|Any CPU
		{0AB9F1EB-E22E-489C-90DD-5C27BAE400D6}.Desarrollo|Any CPU.ActiveCfg = Desarrollo|Any CPU
		{0AB9F1EB-E22E-489C-90DD-5C27BAE400D6}.Desarrollo|Any CPU.Build.0 = Desarrollo|Any CPU
		{0AB9F1EB-E22E-489C-90DD-5C27BAE400D6}.QA|Any CPU.ActiveCfg = QA|Any CPU
		{0AB9F1EB-E22E-489C-90DD-5C27BAE400D6}.QA|Any CPU.Build.0 = QA|Any CPU
		{0AB9F1EB-E22E-489C-90DD-5C27BAE400D6}.Release|Any CPU.ActiveCfg = Release|Any CPU
		{0AB9F1EB-E22E-489C-90DD-5C27BAE400D6}.Release|Any CPU.Build.0 = Release|Any CPU
		{D307730A-75FA-4EDB-AE82-3D34C80E8BC4}.Debug|Any CPU.ActiveCfg = Debug|Any CPU
		{D307730A-75FA-4EDB-AE82-3D34C80E8BC4}.Debug|Any CPU.Build.0 = Debug|Any CPU
		{D307730A-75FA-4EDB-AE82-3D34C80E8BC4}.Desarrollo|Any CPU.ActiveCfg = Desarrollo|Any CPU
		{D307730A-75FA-4EDB-AE82-3D34C80E8BC4}.Desarrollo|Any CPU.Build.0 = Desarrollo|Any CPU
		{D307730A-75FA-4EDB-AE82-3D34C80E8BC4}.QA|Any CPU.ActiveCfg = QA|Any CPU
		{D307730A-75FA-4EDB-AE82-3D34C80E8BC4}.QA|Any CPU.Build.0 = QA|Any CPU
		{D307730A-75FA-4EDB-AE82-3D34C80E8BC4}.Release|Any CPU.ActiveCfg = Release|Any CPU
		{D307730A-75FA-4EDB-AE82-3D34C80E8BC4}.Release|Any CPU.Build.0 = Release|Any CPU
		{43D16757-FA0C-470D-BAE2-AC791917A7A4}.Debug|Any CPU.ActiveCfg = Debug|Any CPU
		{43D16757-FA0C-470D-BAE2-AC791917A7A4}.Debug|Any CPU.Build.0 = Debug|Any CPU
		{43D16757-FA0C-470D-BAE2-AC791917A7A4}.Desarrollo|Any CPU.ActiveCfg = Desarrollo|Any CPU
		{43D16757-FA0C-470D-BAE2-AC791917A7A4}.Desarrollo|Any CPU.Build.0 = Desarrollo|Any CPU
		{43D16757-FA0C-470D-BAE2-AC791917A7A4}.QA|Any CPU.ActiveCfg = QA|Any CPU
		{43D16757-FA0C-470D-BAE2-AC791917A7A4}.QA|Any CPU.Build.0 = QA|Any CPU
		{43D16757-FA0C-470D-BAE2-AC791917A7A4}.Release|Any CPU.ActiveCfg = Release|Any CPU
		{43D16757-FA0C-470D-BAE2-AC791917A7A4}.Release|Any CPU.Build.0 = Release|Any CPU
		{5D40ECA0-8122-4CC6-B63C-08148321DE01}.Debug|Any CPU.ActiveCfg = Debug|Any CPU
		{5D40ECA0-8122-4CC6-B63C-08148321DE01}.Debug|Any CPU.Build.0 = Debug|Any CPU
		{5D40ECA0-8122-4CC6-B63C-08148321DE01}.Desarrollo|Any CPU.ActiveCfg = Debug|Any CPU
		{5D40ECA0-8122-4CC6-B63C-08148321DE01}.Desarrollo|Any CPU.Build.0 = Debug|Any CPU
		{5D40ECA0-8122-4CC6-B63C-08148321DE01}.QA|Any CPU.ActiveCfg = QA|Any CPU
		{5D40ECA0-8122-4CC6-B63C-08148321DE01}.QA|Any CPU.Build.0 = QA|Any CPU
		{5D40ECA0-8122-4CC6-B63C-08148321DE01}.Release|Any CPU.ActiveCfg = Release|Any CPU
		{5D40ECA0-8122-4CC6-B63C-08148321DE01}.Release|Any CPU.Build.0 = Release|Any CPU
		{C4145471-9552-4EA6-8B58-1980A5FE4C63}.Debug|Any CPU.ActiveCfg = Debug|Any CPU
		{C4145471-9552-4EA6-8B58-1980A5FE4C63}.Debug|Any CPU.Build.0 = Debug|Any CPU
		{C4145471-9552-4EA6-8B58-1980A5FE4C63}.Desarrollo|Any CPU.ActiveCfg = Debug|Any CPU
		{C4145471-9552-4EA6-8B58-1980A5FE4C63}.Desarrollo|Any CPU.Build.0 = Debug|Any CPU
		{C4145471-9552-4EA6-8B58-1980A5FE4C63}.QA|Any CPU.ActiveCfg = QA|Any CPU
		{C4145471-9552-4EA6-8B58-1980A5FE4C63}.QA|Any CPU.Build.0 = QA|Any CPU
		{C4145471-9552-4EA6-8B58-1980A5FE4C63}.Release|Any CPU.ActiveCfg = Release|Any CPU
		{C4145471-9552-4EA6-8B58-1980A5FE4C63}.Release|Any CPU.Build.0 = Release|Any CPU
		{BFDEB5C5-1754-4F0E-B896-6FC60B8CD71C}.Debug|Any CPU.ActiveCfg = Debug|Any CPU
		{BFDEB5C5-1754-4F0E-B896-6FC60B8CD71C}.Debug|Any CPU.Build.0 = Debug|Any CPU
		{BFDEB5C5-1754-4F0E-B896-6FC60B8CD71C}.Desarrollo|Any CPU.ActiveCfg = Debug|Any CPU
		{BFDEB5C5-1754-4F0E-B896-6FC60B8CD71C}.Desarrollo|Any CPU.Build.0 = Debug|Any CPU
		{BFDEB5C5-1754-4F0E-B896-6FC60B8CD71C}.QA|Any CPU.ActiveCfg = Debug|Any CPU
		{BFDEB5C5-1754-4F0E-B896-6FC60B8CD71C}.QA|Any CPU.Build.0 = Debug|Any CPU
		{BFDEB5C5-1754-4F0E-B896-6FC60B8CD71C}.Release|Any CPU.ActiveCfg = Release|Any CPU
		{BFDEB5C5-1754-4F0E-B896-6FC60B8CD71C}.Release|Any CPU.Build.0 = Release|Any CPU
		{8F58EA9B-380F-4C2C-AFB9-FCFA168231DC}.Debug|Any CPU.ActiveCfg = Debug|Any CPU
		{8F58EA9B-380F-4C2C-AFB9-FCFA168231DC}.Debug|Any CPU.Build.0 = Debug|Any CPU
		{8F58EA9B-380F-4C2C-AFB9-FCFA168231DC}.Desarrollo|Any CPU.ActiveCfg = Debug|Any CPU
		{8F58EA9B-380F-4C2C-AFB9-FCFA168231DC}.Desarrollo|Any CPU.Build.0 = Debug|Any CPU
		{8F58EA9B-380F-4C2C-AFB9-FCFA168231DC}.QA|Any CPU.ActiveCfg = Debug|Any CPU
		{8F58EA9B-380F-4C2C-AFB9-FCFA168231DC}.QA|Any CPU.Build.0 = Debug|Any CPU
		{8F58EA9B-380F-4C2C-AFB9-FCFA168231DC}.Release|Any CPU.ActiveCfg = Release|Any CPU
		{8F58EA9B-380F-4C2C-AFB9-FCFA168231DC}.Release|Any CPU.Build.0 = Release|Any CPU
		{7639B403-2701-434D-8AD4-46674D772478}.Debug|Any CPU.ActiveCfg = Debug|Any CPU
		{7639B403-2701-434D-8AD4-46674D772478}.Debug|Any CPU.Build.0 = Debug|Any CPU
		{7639B403-2701-434D-8AD4-46674D772478}.Desarrollo|Any CPU.ActiveCfg = Debug|Any CPU
		{7639B403-2701-434D-8AD4-46674D772478}.Desarrollo|Any CPU.Build.0 = Debug|Any CPU
		{7639B403-2701-434D-8AD4-46674D772478}.QA|Any CPU.ActiveCfg = Debug|Any CPU
		{7639B403-2701-434D-8AD4-46674D772478}.QA|Any CPU.Build.0 = Debug|Any CPU
		{7639B403-2701-434D-8AD4-46674D772478}.Release|Any CPU.ActiveCfg = Release|Any CPU
		{7639B403-2701-434D-8AD4-46674D772478}.Release|Any CPU.Build.0 = Release|Any CPU
		{30D15713-6BBF-453B-B4F4-A15A603769D1}.Debug|Any CPU.ActiveCfg = Debug|Any CPU
		{30D15713-6BBF-453B-B4F4-A15A603769D1}.Debug|Any CPU.Build.0 = Debug|Any CPU
		{30D15713-6BBF-453B-B4F4-A15A603769D1}.Desarrollo|Any CPU.ActiveCfg = Debug|Any CPU
		{30D15713-6BBF-453B-B4F4-A15A603769D1}.Desarrollo|Any CPU.Build.0 = Debug|Any CPU
		{30D15713-6BBF-453B-B4F4-A15A603769D1}.QA|Any CPU.ActiveCfg = Debug|Any CPU
		{30D15713-6BBF-453B-B4F4-A15A603769D1}.QA|Any CPU.Build.0 = Debug|Any CPU
		{30D15713-6BBF-453B-B4F4-A15A603769D1}.Release|Any CPU.ActiveCfg = Release|Any CPU
		{30D15713-6BBF-453B-B4F4-A15A603769D1}.Release|Any CPU.Build.0 = Release|Any CPU
	EndGlobalSection
	GlobalSection(SolutionProperties) = preSolution
		HideSolutionNode = FALSE
	EndGlobalSection
	GlobalSection(ExtensibilityGlobals) = postSolution
		SolutionGuid = {E5A13A51-5AE3-44F6-922F-1BA83EEE71DE}
	EndGlobalSection
EndGlobal
